// !$*UTF8*$!
{
	archiveVersion = 1;
	classes = {
	};
	objectVersion = 56;
	objects = {

/* Begin PBXBuildFile section */
		21B1DB0CC18F901FE5FEAE5C /* Pods_DineInTouch.framework in Frameworks */ = {isa = PBXBuildFile; fileRef = 8FBCFB0A05F1F0B65429BB26 /* Pods_DineInTouch.framework */; };
		8302E7292972EB6B00D98545 /* AppDelegate.swift in Sources */ = {isa = PBXBuildFile; fileRef = 8302E7282972EB6B00D98545 /* AppDelegate.swift */; };
		8302E72C2972F2F500D98545 /* CommandDataRepository.swift in Sources */ = {isa = PBXBuildFile; fileRef = 8302E72B2972F2F500D98545 /* CommandDataRepository.swift */; };
		8302E72E2972F30400D98545 /* CommandRepository.swift in Sources */ = {isa = PBXBuildFile; fileRef = 8302E72D2972F30400D98545 /* CommandRepository.swift */; };
		8302E7312972F38F00D98545 /* CommandDataStore.swift in Sources */ = {isa = PBXBuildFile; fileRef = 8302E7302972F38F00D98545 /* CommandDataStore.swift */; };
		8302E7332972F4FA00D98545 /* CommandDataStoreFactory.swift in Sources */ = {isa = PBXBuildFile; fileRef = 8302E7322972F4FA00D98545 /* CommandDataStoreFactory.swift */; };
		8302E7352972F51900D98545 /* CloudCommandDataStore.swift in Sources */ = {isa = PBXBuildFile; fileRef = 8302E7342972F51900D98545 /* CloudCommandDataStore.swift */; };
		8302E7372972F55200D98545 /* LocalCommandDataStore.swift in Sources */ = {isa = PBXBuildFile; fileRef = 8302E7362972F55200D98545 /* LocalCommandDataStore.swift */; };
		8302E7392972F92300D98545 /* DishDataStore.swift in Sources */ = {isa = PBXBuildFile; fileRef = 8302E7382972F92300D98545 /* DishDataStore.swift */; };
		8302E73B2972FAA500D98545 /* DishDataStoreFactory.swift in Sources */ = {isa = PBXBuildFile; fileRef = 8302E73A2972FAA500D98545 /* DishDataStoreFactory.swift */; };
		8302E73D2972FAB500D98545 /* CloudDishDataStore.swift in Sources */ = {isa = PBXBuildFile; fileRef = 8302E73C2972FAB500D98545 /* CloudDishDataStore.swift */; };
		8302E73F2972FABF00D98545 /* LocalDishDataStore.swift in Sources */ = {isa = PBXBuildFile; fileRef = 8302E73E2972FABF00D98545 /* LocalDishDataStore.swift */; };
		8302E7412972FDA100D98545 /* GoogleService-Info.plist in Resources */ = {isa = PBXBuildFile; fileRef = 8302E7402972FDA100D98545 /* GoogleService-Info.plist */; };
		834CAF9E2973052A003427E1 /* DishRepository.swift in Sources */ = {isa = PBXBuildFile; fileRef = 834CAF9D2973052A003427E1 /* DishRepository.swift */; };
		834CAFA02973054C003427E1 /* DishDataRepository.swift in Sources */ = {isa = PBXBuildFile; fileRef = 834CAF9F2973054C003427E1 /* DishDataRepository.swift */; };
		834CAFA2297305E8003427E1 /* DishDataMapper.swift in Sources */ = {isa = PBXBuildFile; fileRef = 834CAFA1297305E8003427E1 /* DishDataMapper.swift */; };
		835BEF2F297D7C35009187C1 /* DishManager.swift in Sources */ = {isa = PBXBuildFile; fileRef = 835BEF2E297D7C35009187C1 /* DishManager.swift */; };
		835BEF32297D7CC3009187C1 /* DishManagerProtocol.swift in Sources */ = {isa = PBXBuildFile; fileRef = 835BEF31297D7CC3009187C1 /* DishManagerProtocol.swift */; };
		8381FF8A2973148600E5F8AA /* DataProviderManager.swift in Sources */ = {isa = PBXBuildFile; fileRef = 8381FF892973148600E5F8AA /* DataProviderManager.swift */; };
		8381FF8C2973152100E5F8AA /* DataProviderManagerProtocol.swift in Sources */ = {isa = PBXBuildFile; fileRef = 8381FF8B2973152100E5F8AA /* DataProviderManagerProtocol.swift */; };
		8381FF8E2973505D00E5F8AA /* SetMenuViewModel.swift in Sources */ = {isa = PBXBuildFile; fileRef = 8381FF8D2973505D00E5F8AA /* SetMenuViewModel.swift */; };
		8381FF90297445C400E5F8AA /* CommandView.swift in Sources */ = {isa = PBXBuildFile; fileRef = 8381FF8F297445C400E5F8AA /* CommandView.swift */; };
		839D0F1D2972D723006A7675 /* Dish.swift in Sources */ = {isa = PBXBuildFile; fileRef = 839D0F1C2972D723006A7675 /* Dish.swift */; };
		839D0F1F2972D8F5006A7675 /* Command.swift in Sources */ = {isa = PBXBuildFile; fileRef = 839D0F1E2972D8F5006A7675 /* Command.swift */; };
		839D0F242972DA23006A7675 /* CoreDataManager.swift in Sources */ = {isa = PBXBuildFile; fileRef = 839D0F232972DA23006A7675 /* CoreDataManager.swift */; };
		839D0F272972DA6B006A7675 /* DineInTouchDataBase.xcdatamodeld in Sources */ = {isa = PBXBuildFile; fileRef = 839D0F252972DA6B006A7675 /* DineInTouchDataBase.xcdatamodeld */; };
		839D0F2B2972DD58006A7675 /* DishDao.swift in Sources */ = {isa = PBXBuildFile; fileRef = 839D0F2A2972DD58006A7675 /* DishDao.swift */; };
		839D0F2D2972DDF5006A7675 /* CommandDao.swift in Sources */ = {isa = PBXBuildFile; fileRef = 839D0F2C2972DDF5006A7675 /* CommandDao.swift */; };
		839D0F312972E169006A7675 /* CommandDataMapper.swift in Sources */ = {isa = PBXBuildFile; fileRef = 839D0F302972E169006A7675 /* CommandDataMapper.swift */; };
		839D0F342972E3BC006A7675 /* GLOBALS.swift in Sources */ = {isa = PBXBuildFile; fileRef = 839D0F332972E3BC006A7675 /* GLOBALS.swift */; };
		839D0F362972E7EB006A7675 /* DineInTouchKeyManager.swift in Sources */ = {isa = PBXBuildFile; fileRef = 839D0F352972E7EB006A7675 /* DineInTouchKeyManager.swift */; };
		83C07D892972BD7900372BBA /* SetMenuView.swift in Sources */ = {isa = PBXBuildFile; fileRef = 83C07D882972BD7900372BBA /* SetMenuView.swift */; };
		83C07D8B2972BD7A00372BBA /* Assets.xcassets in Resources */ = {isa = PBXBuildFile; fileRef = 83C07D8A2972BD7A00372BBA /* Assets.xcassets */; };
		83C07D8E2972BD7A00372BBA /* Preview Assets.xcassets in Resources */ = {isa = PBXBuildFile; fileRef = 83C07D8D2972BD7A00372BBA /* Preview Assets.xcassets */; };
/* End PBXBuildFile section */

/* Begin PBXFileReference section */
		81AA2779C26DC45BA9666C88 /* Pods-DineInTouch.release.xcconfig */ = {isa = PBXFileReference; includeInIndex = 1; lastKnownFileType = text.xcconfig; name = "Pods-DineInTouch.release.xcconfig"; path = "Target Support Files/Pods-DineInTouch/Pods-DineInTouch.release.xcconfig"; sourceTree = "<group>"; };
		8302E7282972EB6B00D98545 /* AppDelegate.swift */ = {isa = PBXFileReference; lastKnownFileType = sourcecode.swift; path = AppDelegate.swift; sourceTree = "<group>"; };
		8302E72B2972F2F500D98545 /* CommandDataRepository.swift */ = {isa = PBXFileReference; lastKnownFileType = sourcecode.swift; path = CommandDataRepository.swift; sourceTree = "<group>"; };
		8302E72D2972F30400D98545 /* CommandRepository.swift */ = {isa = PBXFileReference; lastKnownFileType = sourcecode.swift; path = CommandRepository.swift; sourceTree = "<group>"; };
		8302E7302972F38F00D98545 /* CommandDataStore.swift */ = {isa = PBXFileReference; lastKnownFileType = sourcecode.swift; path = CommandDataStore.swift; sourceTree = "<group>"; };
		8302E7322972F4FA00D98545 /* CommandDataStoreFactory.swift */ = {isa = PBXFileReference; lastKnownFileType = sourcecode.swift; path = CommandDataStoreFactory.swift; sourceTree = "<group>"; };
		8302E7342972F51900D98545 /* CloudCommandDataStore.swift */ = {isa = PBXFileReference; lastKnownFileType = sourcecode.swift; path = CloudCommandDataStore.swift; sourceTree = "<group>"; };
		8302E7362972F55200D98545 /* LocalCommandDataStore.swift */ = {isa = PBXFileReference; lastKnownFileType = sourcecode.swift; path = LocalCommandDataStore.swift; sourceTree = "<group>"; };
		8302E7382972F92300D98545 /* DishDataStore.swift */ = {isa = PBXFileReference; lastKnownFileType = sourcecode.swift; path = DishDataStore.swift; sourceTree = "<group>"; };
		8302E73A2972FAA500D98545 /* DishDataStoreFactory.swift */ = {isa = PBXFileReference; lastKnownFileType = sourcecode.swift; path = DishDataStoreFactory.swift; sourceTree = "<group>"; };
		8302E73C2972FAB500D98545 /* CloudDishDataStore.swift */ = {isa = PBXFileReference; lastKnownFileType = sourcecode.swift; path = CloudDishDataStore.swift; sourceTree = "<group>"; };
		8302E73E2972FABF00D98545 /* LocalDishDataStore.swift */ = {isa = PBXFileReference; lastKnownFileType = sourcecode.swift; path = LocalDishDataStore.swift; sourceTree = "<group>"; };
		8302E7402972FDA100D98545 /* GoogleService-Info.plist */ = {isa = PBXFileReference; fileEncoding = 4; lastKnownFileType = text.plist.xml; path = "GoogleService-Info.plist"; sourceTree = "<group>"; };
		834CAF9D2973052A003427E1 /* DishRepository.swift */ = {isa = PBXFileReference; lastKnownFileType = sourcecode.swift; path = DishRepository.swift; sourceTree = "<group>"; };
		834CAF9F2973054C003427E1 /* DishDataRepository.swift */ = {isa = PBXFileReference; lastKnownFileType = sourcecode.swift; path = DishDataRepository.swift; sourceTree = "<group>"; };
		834CAFA1297305E8003427E1 /* DishDataMapper.swift */ = {isa = PBXFileReference; lastKnownFileType = sourcecode.swift; path = DishDataMapper.swift; sourceTree = "<group>"; };
		835BEF2E297D7C35009187C1 /* DishManager.swift */ = {isa = PBXFileReference; lastKnownFileType = sourcecode.swift; path = DishManager.swift; sourceTree = "<group>"; };
		835BEF31297D7CC3009187C1 /* DishManagerProtocol.swift */ = {isa = PBXFileReference; lastKnownFileType = sourcecode.swift; path = DishManagerProtocol.swift; sourceTree = "<group>"; };
		8381FF892973148600E5F8AA /* DataProviderManager.swift */ = {isa = PBXFileReference; lastKnownFileType = sourcecode.swift; path = DataProviderManager.swift; sourceTree = "<group>"; };
		8381FF8B2973152100E5F8AA /* DataProviderManagerProtocol.swift */ = {isa = PBXFileReference; lastKnownFileType = sourcecode.swift; path = DataProviderManagerProtocol.swift; sourceTree = "<group>"; };
		8381FF8D2973505D00E5F8AA /* SetMenuViewModel.swift */ = {isa = PBXFileReference; lastKnownFileType = sourcecode.swift; path = SetMenuViewModel.swift; sourceTree = "<group>"; };
		8381FF8F297445C400E5F8AA /* CommandView.swift */ = {isa = PBXFileReference; lastKnownFileType = sourcecode.swift; path = CommandView.swift; sourceTree = "<group>"; };
		839D0F1C2972D723006A7675 /* Dish.swift */ = {isa = PBXFileReference; lastKnownFileType = sourcecode.swift; path = Dish.swift; sourceTree = "<group>"; };
		839D0F1E2972D8F5006A7675 /* Command.swift */ = {isa = PBXFileReference; lastKnownFileType = sourcecode.swift; path = Command.swift; sourceTree = "<group>"; };
		839D0F232972DA23006A7675 /* CoreDataManager.swift */ = {isa = PBXFileReference; lastKnownFileType = sourcecode.swift; path = CoreDataManager.swift; sourceTree = "<group>"; };
		839D0F262972DA6B006A7675 /* DineInTouchDataBase.xcdatamodel */ = {isa = PBXFileReference; lastKnownFileType = wrapper.xcdatamodel; path = DineInTouchDataBase.xcdatamodel; sourceTree = "<group>"; };
		839D0F2A2972DD58006A7675 /* DishDao.swift */ = {isa = PBXFileReference; lastKnownFileType = sourcecode.swift; path = DishDao.swift; sourceTree = "<group>"; };
		839D0F2C2972DDF5006A7675 /* CommandDao.swift */ = {isa = PBXFileReference; lastKnownFileType = sourcecode.swift; path = CommandDao.swift; sourceTree = "<group>"; };
		839D0F302972E169006A7675 /* CommandDataMapper.swift */ = {isa = PBXFileReference; lastKnownFileType = sourcecode.swift; path = CommandDataMapper.swift; sourceTree = "<group>"; };
		839D0F332972E3BC006A7675 /* GLOBALS.swift */ = {isa = PBXFileReference; lastKnownFileType = sourcecode.swift; path = GLOBALS.swift; sourceTree = "<group>"; };
		839D0F352972E7EB006A7675 /* DineInTouchKeyManager.swift */ = {isa = PBXFileReference; lastKnownFileType = sourcecode.swift; path = DineInTouchKeyManager.swift; sourceTree = "<group>"; };
		83C07D832972BD7900372BBA /* DineInTouch.app */ = {isa = PBXFileReference; explicitFileType = wrapper.application; includeInIndex = 0; path = DineInTouch.app; sourceTree = BUILT_PRODUCTS_DIR; };
		83C07D882972BD7900372BBA /* SetMenuView.swift */ = {isa = PBXFileReference; lastKnownFileType = sourcecode.swift; path = SetMenuView.swift; sourceTree = "<group>"; };
		83C07D8A2972BD7A00372BBA /* Assets.xcassets */ = {isa = PBXFileReference; lastKnownFileType = folder.assetcatalog; path = Assets.xcassets; sourceTree = "<group>"; };
		83C07D8D2972BD7A00372BBA /* Preview Assets.xcassets */ = {isa = PBXFileReference; lastKnownFileType = folder.assetcatalog; path = "Preview Assets.xcassets"; sourceTree = "<group>"; };
		8FBCFB0A05F1F0B65429BB26 /* Pods_DineInTouch.framework */ = {isa = PBXFileReference; explicitFileType = wrapper.framework; includeInIndex = 0; path = Pods_DineInTouch.framework; sourceTree = BUILT_PRODUCTS_DIR; };
		DB44D967BA6064F83533892B /* Pods-DineInTouch.debug.xcconfig */ = {isa = PBXFileReference; includeInIndex = 1; lastKnownFileType = text.xcconfig; name = "Pods-DineInTouch.debug.xcconfig"; path = "Target Support Files/Pods-DineInTouch/Pods-DineInTouch.debug.xcconfig"; sourceTree = "<group>"; };
/* End PBXFileReference section */

/* Begin PBXFrameworksBuildPhase section */
		83C07D802972BD7900372BBA /* Frameworks */ = {
			isa = PBXFrameworksBuildPhase;
			buildActionMask = 2147483647;
			files = (
				21B1DB0CC18F901FE5FEAE5C /* Pods_DineInTouch.framework in Frameworks */,
			);
			runOnlyForDeploymentPostprocessing = 0;
		};
/* End PBXFrameworksBuildPhase section */

/* Begin PBXGroup section */
		2B93BBB5F1FC3DC8FE8A3CC0 /* Pods */ = {
			isa = PBXGroup;
			children = (
				DB44D967BA6064F83533892B /* Pods-DineInTouch.debug.xcconfig */,
				81AA2779C26DC45BA9666C88 /* Pods-DineInTouch.release.xcconfig */,
			);
			path = Pods;
			sourceTree = "<group>";
		};
		8302E72A2972F2DC00D98545 /* Data */ = {
			isa = PBXGroup;
			children = (
				8302E72F2972F36C00D98545 /* DataSource */,
				8302E72B2972F2F500D98545 /* CommandDataRepository.swift */,
				834CAF9F2973054C003427E1 /* DishDataRepository.swift */,
			);
			path = Data;
			sourceTree = "<group>";
		};
		8302E72F2972F36C00D98545 /* DataSource */ = {
			isa = PBXGroup;
			children = (
				8302E7302972F38F00D98545 /* CommandDataStore.swift */,
				8302E7322972F4FA00D98545 /* CommandDataStoreFactory.swift */,
				8302E7342972F51900D98545 /* CloudCommandDataStore.swift */,
				8302E7362972F55200D98545 /* LocalCommandDataStore.swift */,
				8302E7382972F92300D98545 /* DishDataStore.swift */,
				8302E73A2972FAA500D98545 /* DishDataStoreFactory.swift */,
				8302E73C2972FAB500D98545 /* CloudDishDataStore.swift */,
				8302E73E2972FABF00D98545 /* LocalDishDataStore.swift */,
			);
			path = DataSource;
			sourceTree = "<group>";
		};
		835BEF2D297D7C1F009187C1 /* Business */ = {
			isa = PBXGroup;
			children = (
				835BEF30297D7CA9009187C1 /* Protocol */,
				835BEF2E297D7C35009187C1 /* DishManager.swift */,
			);
			path = Business;
			sourceTree = "<group>";
		};
		835BEF30297D7CA9009187C1 /* Protocol */ = {
			isa = PBXGroup;
			children = (
				835BEF31297D7CC3009187C1 /* DishManagerProtocol.swift */,
			);
			path = Protocol;
			sourceTree = "<group>";
		};
		8381FF882973147300E5F8AA /* Net */ = {
			isa = PBXGroup;
			children = (
				8381FF892973148600E5F8AA /* DataProviderManager.swift */,
				8381FF8B2973152100E5F8AA /* DataProviderManagerProtocol.swift */,
			);
			path = Net;
			sourceTree = "<group>";
		};
		839D0F1B2972D6E6006A7675 /* Models */ = {
			isa = PBXGroup;
			children = (
				839D0F1C2972D723006A7675 /* Dish.swift */,
				839D0F1E2972D8F5006A7675 /* Command.swift */,
			);
			path = Models;
			sourceTree = "<group>";
		};
		839D0F202972D9D1006A7675 /* Services */ = {
			isa = PBXGroup;
			children = (
				839D0F2E2972E149006A7675 /* Repositories */,
				839D0F222972DA0A006A7675 /* CoreData */,
				8302E72D2972F30400D98545 /* CommandRepository.swift */,
				834CAF9D2973052A003427E1 /* DishRepository.swift */,
			);
			path = Services;
			sourceTree = "<group>";
		};
		839D0F212972D9EB006A7675 /* Features */ = {
			isa = PBXGroup;
			children = (
				83C07D882972BD7900372BBA /* SetMenuView.swift */,
				8381FF8D2973505D00E5F8AA /* SetMenuViewModel.swift */,
				8381FF8F297445C400E5F8AA /* CommandView.swift */,
			);
			path = Features;
			sourceTree = "<group>";
		};
		839D0F222972DA0A006A7675 /* CoreData */ = {
			isa = PBXGroup;
			children = (
				839D0F292972DD4B006A7675 /* Dao */,
				839D0F282972DD29006A7675 /* DataBase */,
			);
			path = CoreData;
			sourceTree = "<group>";
		};
		839D0F282972DD29006A7675 /* DataBase */ = {
			isa = PBXGroup;
			children = (
				839D0F232972DA23006A7675 /* CoreDataManager.swift */,
				839D0F252972DA6B006A7675 /* DineInTouchDataBase.xcdatamodeld */,
			);
			path = DataBase;
			sourceTree = "<group>";
		};
		839D0F292972DD4B006A7675 /* Dao */ = {
			isa = PBXGroup;
			children = (
				839D0F2A2972DD58006A7675 /* DishDao.swift */,
				839D0F2C2972DDF5006A7675 /* CommandDao.swift */,
			);
			path = Dao;
			sourceTree = "<group>";
		};
		839D0F2E2972E149006A7675 /* Repositories */ = {
			isa = PBXGroup;
			children = (
				8381FF882973147300E5F8AA /* Net */,
				8302E72A2972F2DC00D98545 /* Data */,
				839D0F2F2972E155006A7675 /* Mapper */,
			);
			path = Repositories;
			sourceTree = "<group>";
		};
		839D0F2F2972E155006A7675 /* Mapper */ = {
			isa = PBXGroup;
			children = (
				839D0F302972E169006A7675 /* CommandDataMapper.swift */,
				834CAFA1297305E8003427E1 /* DishDataMapper.swift */,
			);
			path = Mapper;
			sourceTree = "<group>";
		};
		839D0F322972E3AE006A7675 /* Core */ = {
			isa = PBXGroup;
			children = (
				839D0F332972E3BC006A7675 /* GLOBALS.swift */,
				839D0F352972E7EB006A7675 /* DineInTouchKeyManager.swift */,
			);
			path = Core;
			sourceTree = "<group>";
		};
		83C07D7A2972BD7900372BBA = {
			isa = PBXGroup;
			children = (
				83C07D852972BD7900372BBA /* DineInTouch */,
				83C07D842972BD7900372BBA /* Products */,
				2B93BBB5F1FC3DC8FE8A3CC0 /* Pods */,
				B02BC48D8E488F2C7215B036 /* Frameworks */,
			);
			sourceTree = "<group>";
		};
		83C07D842972BD7900372BBA /* Products */ = {
			isa = PBXGroup;
			children = (
				83C07D832972BD7900372BBA /* DineInTouch.app */,
			);
			name = Products;
			sourceTree = "<group>";
		};
		83C07D852972BD7900372BBA /* DineInTouch */ = {
			isa = PBXGroup;
			children = (
				835BEF2D297D7C1F009187C1 /* Business */,
				8302E7402972FDA100D98545 /* GoogleService-Info.plist */,
				839D0F322972E3AE006A7675 /* Core */,
				839D0F212972D9EB006A7675 /* Features */,
				839D0F202972D9D1006A7675 /* Services */,
				839D0F1B2972D6E6006A7675 /* Models */,
				83C07D8A2972BD7A00372BBA /* Assets.xcassets */,
				83C07D8C2972BD7A00372BBA /* Preview Content */,
				8302E7282972EB6B00D98545 /* AppDelegate.swift */,
			);
			path = DineInTouch;
			sourceTree = "<group>";
		};
		83C07D8C2972BD7A00372BBA /* Preview Content */ = {
			isa = PBXGroup;
			children = (
				83C07D8D2972BD7A00372BBA /* Preview Assets.xcassets */,
			);
			path = "Preview Content";
			sourceTree = "<group>";
		};
		B02BC48D8E488F2C7215B036 /* Frameworks */ = {
			isa = PBXGroup;
			children = (
				8FBCFB0A05F1F0B65429BB26 /* Pods_DineInTouch.framework */,
			);
			name = Frameworks;
			sourceTree = "<group>";
		};
/* End PBXGroup section */

/* Begin PBXNativeTarget section */
		83C07D822972BD7900372BBA /* DineInTouch */ = {
			isa = PBXNativeTarget;
			buildConfigurationList = 83C07D912972BD7A00372BBA /* Build configuration list for PBXNativeTarget "DineInTouch" */;
			buildPhases = (
				2F0019BFEEB4AFC4F5D01692 /* [CP] Check Pods Manifest.lock */,
				83C07D7F2972BD7900372BBA /* Sources */,
				83C07D802972BD7900372BBA /* Frameworks */,
				83C07D812972BD7900372BBA /* Resources */,
				22BFBCD08EAD644B09C9A2D2 /* [CP] Embed Pods Frameworks */,
			);
			buildRules = (
			);
			dependencies = (
			);
			name = DineInTouch;
			productName = DineInTouch;
			productReference = 83C07D832972BD7900372BBA /* DineInTouch.app */;
			productType = "com.apple.product-type.application";
		};
/* End PBXNativeTarget section */

/* Begin PBXProject section */
		83C07D7B2972BD7900372BBA /* Project object */ = {
			isa = PBXProject;
			attributes = {
				BuildIndependentTargetsInParallel = 1;
				LastSwiftUpdateCheck = 1420;
				LastUpgradeCheck = 1420;
				TargetAttributes = {
					83C07D822972BD7900372BBA = {
						CreatedOnToolsVersion = 14.2;
					};
				};
			};
			buildConfigurationList = 83C07D7E2972BD7900372BBA /* Build configuration list for PBXProject "DineInTouch" */;
			compatibilityVersion = "Xcode 14.0";
			developmentRegion = en;
			hasScannedForEncodings = 0;
			knownRegions = (
				en,
				Base,
			);
			mainGroup = 83C07D7A2972BD7900372BBA;
			productRefGroup = 83C07D842972BD7900372BBA /* Products */;
			projectDirPath = "";
			projectRoot = "";
			targets = (
				83C07D822972BD7900372BBA /* DineInTouch */,
			);
		};
/* End PBXProject section */

/* Begin PBXResourcesBuildPhase section */
		83C07D812972BD7900372BBA /* Resources */ = {
			isa = PBXResourcesBuildPhase;
			buildActionMask = 2147483647;
			files = (
				83C07D8E2972BD7A00372BBA /* Preview Assets.xcassets in Resources */,
				83C07D8B2972BD7A00372BBA /* Assets.xcassets in Resources */,
				8302E7412972FDA100D98545 /* GoogleService-Info.plist in Resources */,
			);
			runOnlyForDeploymentPostprocessing = 0;
		};
/* End PBXResourcesBuildPhase section */

/* Begin PBXShellScriptBuildPhase section */
		22BFBCD08EAD644B09C9A2D2 /* [CP] Embed Pods Frameworks */ = {
			isa = PBXShellScriptBuildPhase;
			buildActionMask = 2147483647;
			files = (
			);
			inputFileListPaths = (
				"${PODS_ROOT}/Target Support Files/Pods-DineInTouch/Pods-DineInTouch-frameworks-${CONFIGURATION}-input-files.xcfilelist",
			);
			name = "[CP] Embed Pods Frameworks";
			outputFileListPaths = (
				"${PODS_ROOT}/Target Support Files/Pods-DineInTouch/Pods-DineInTouch-frameworks-${CONFIGURATION}-output-files.xcfilelist",
			);
			runOnlyForDeploymentPostprocessing = 0;
			shellPath = /bin/sh;
			shellScript = "\"${PODS_ROOT}/Target Support Files/Pods-DineInTouch/Pods-DineInTouch-frameworks.sh\"\n";
			showEnvVarsInLog = 0;
		};
		2F0019BFEEB4AFC4F5D01692 /* [CP] Check Pods Manifest.lock */ = {
			isa = PBXShellScriptBuildPhase;
			buildActionMask = 2147483647;
			files = (
			);
			inputFileListPaths = (
			);
			inputPaths = (
				"${PODS_PODFILE_DIR_PATH}/Podfile.lock",
				"${PODS_ROOT}/Manifest.lock",
			);
			name = "[CP] Check Pods Manifest.lock";
			outputFileListPaths = (
			);
			outputPaths = (
				"$(DERIVED_FILE_DIR)/Pods-DineInTouch-checkManifestLockResult.txt",
			);
			runOnlyForDeploymentPostprocessing = 0;
			shellPath = /bin/sh;
			shellScript = "diff \"${PODS_PODFILE_DIR_PATH}/Podfile.lock\" \"${PODS_ROOT}/Manifest.lock\" > /dev/null\nif [ $? != 0 ] ; then\n    # print error to STDERR\n    echo \"error: The sandbox is not in sync with the Podfile.lock. Run 'pod install' or update your CocoaPods installation.\" >&2\n    exit 1\nfi\n# This output is used by Xcode 'outputs' to avoid re-running this script phase.\necho \"SUCCESS\" > \"${SCRIPT_OUTPUT_FILE_0}\"\n";
			showEnvVarsInLog = 0;
		};
/* End PBXShellScriptBuildPhase section */

/* Begin PBXSourcesBuildPhase section */
		83C07D7F2972BD7900372BBA /* Sources */ = {
			isa = PBXSourcesBuildPhase;
			buildActionMask = 2147483647;
			files = (
				8302E7292972EB6B00D98545 /* AppDelegate.swift in Sources */,
				839D0F2B2972DD58006A7675 /* DishDao.swift in Sources */,
				8302E72E2972F30400D98545 /* CommandRepository.swift in Sources */,
				8302E7352972F51900D98545 /* CloudCommandDataStore.swift in Sources */,
				839D0F312972E169006A7675 /* CommandDataMapper.swift in Sources */,
				8302E72C2972F2F500D98545 /* CommandDataRepository.swift in Sources */,
				8381FF8C2973152100E5F8AA /* DataProviderManagerProtocol.swift in Sources */,
				834CAFA02973054C003427E1 /* DishDataRepository.swift in Sources */,
				8302E7312972F38F00D98545 /* CommandDataStore.swift in Sources */,
				835BEF2F297D7C35009187C1 /* DishManager.swift in Sources */,
				8302E73F2972FABF00D98545 /* LocalDishDataStore.swift in Sources */,
				8381FF90297445C400E5F8AA /* CommandView.swift in Sources */,
				8381FF8E2973505D00E5F8AA /* SetMenuViewModel.swift in Sources */,
				839D0F1D2972D723006A7675 /* Dish.swift in Sources */,
				834CAF9E2973052A003427E1 /* DishRepository.swift in Sources */,
				83C07D892972BD7900372BBA /* SetMenuView.swift in Sources */,
				8302E7332972F4FA00D98545 /* CommandDataStoreFactory.swift in Sources */,
				839D0F242972DA23006A7675 /* CoreDataManager.swift in Sources */,
				839D0F342972E3BC006A7675 /* GLOBALS.swift in Sources */,
				835BEF32297D7CC3009187C1 /* DishManagerProtocol.swift in Sources */,
				8302E73B2972FAA500D98545 /* DishDataStoreFactory.swift in Sources */,
				839D0F272972DA6B006A7675 /* DineInTouchDataBase.xcdatamodeld in Sources */,
				839D0F362972E7EB006A7675 /* DineInTouchKeyManager.swift in Sources */,
				8302E7372972F55200D98545 /* LocalCommandDataStore.swift in Sources */,
				839D0F2D2972DDF5006A7675 /* CommandDao.swift in Sources */,
				8302E73D2972FAB500D98545 /* CloudDishDataStore.swift in Sources */,
				839D0F1F2972D8F5006A7675 /* Command.swift in Sources */,
				8381FF8A2973148600E5F8AA /* DataProviderManager.swift in Sources */,
				834CAFA2297305E8003427E1 /* DishDataMapper.swift in Sources */,
				8302E7392972F92300D98545 /* DishDataStore.swift in Sources */,
			);
			runOnlyForDeploymentPostprocessing = 0;
		};
/* End PBXSourcesBuildPhase section */

/* Begin XCBuildConfiguration section */
		83C07D8F2972BD7A00372BBA /* Debug */ = {
			isa = XCBuildConfiguration;
			buildSettings = {
				ALWAYS_SEARCH_USER_PATHS = NO;
				CLANG_ANALYZER_NONNULL = YES;
				CLANG_ANALYZER_NUMBER_OBJECT_CONVERSION = YES_AGGRESSIVE;
				CLANG_CXX_LANGUAGE_STANDARD = "gnu++20";
				CLANG_ENABLE_MODULES = YES;
				CLANG_ENABLE_OBJC_ARC = YES;
				CLANG_ENABLE_OBJC_WEAK = YES;
				CLANG_WARN_BLOCK_CAPTURE_AUTORELEASING = YES;
				CLANG_WARN_BOOL_CONVERSION = YES;
				CLANG_WARN_COMMA = YES;
				CLANG_WARN_CONSTANT_CONVERSION = YES;
				CLANG_WARN_DEPRECATED_OBJC_IMPLEMENTATIONS = YES;
				CLANG_WARN_DIRECT_OBJC_ISA_USAGE = YES_ERROR;
				CLANG_WARN_DOCUMENTATION_COMMENTS = YES;
				CLANG_WARN_EMPTY_BODY = YES;
				CLANG_WARN_ENUM_CONVERSION = YES;
				CLANG_WARN_INFINITE_RECURSION = YES;
				CLANG_WARN_INT_CONVERSION = YES;
				CLANG_WARN_NON_LITERAL_NULL_CONVERSION = YES;
				CLANG_WARN_OBJC_IMPLICIT_RETAIN_SELF = YES;
				CLANG_WARN_OBJC_LITERAL_CONVERSION = YES;
				CLANG_WARN_OBJC_ROOT_CLASS = YES_ERROR;
				CLANG_WARN_QUOTED_INCLUDE_IN_FRAMEWORK_HEADER = YES;
				CLANG_WARN_RANGE_LOOP_ANALYSIS = YES;
				CLANG_WARN_STRICT_PROTOTYPES = YES;
				CLANG_WARN_SUSPICIOUS_MOVE = YES;
				CLANG_WARN_UNGUARDED_AVAILABILITY = YES_AGGRESSIVE;
				CLANG_WARN_UNREACHABLE_CODE = YES;
				CLANG_WARN__DUPLICATE_METHOD_MATCH = YES;
				COPY_PHASE_STRIP = NO;
				DEBUG_INFORMATION_FORMAT = dwarf;
				ENABLE_STRICT_OBJC_MSGSEND = YES;
				ENABLE_TESTABILITY = YES;
				GCC_C_LANGUAGE_STANDARD = gnu11;
				GCC_DYNAMIC_NO_PIC = NO;
				GCC_NO_COMMON_BLOCKS = YES;
				GCC_OPTIMIZATION_LEVEL = 0;
				GCC_PREPROCESSOR_DEFINITIONS = (
					"DEBUG=1",
					"$(inherited)",
				);
				GCC_WARN_64_TO_32_BIT_CONVERSION = YES;
				GCC_WARN_ABOUT_RETURN_TYPE = YES_ERROR;
				GCC_WARN_UNDECLARED_SELECTOR = YES;
				GCC_WARN_UNINITIALIZED_AUTOS = YES_AGGRESSIVE;
				GCC_WARN_UNUSED_FUNCTION = YES;
				GCC_WARN_UNUSED_VARIABLE = YES;
				IPHONEOS_DEPLOYMENT_TARGET = 15.0;
				MTL_ENABLE_DEBUG_INFO = INCLUDE_SOURCE;
				MTL_FAST_MATH = YES;
				ONLY_ACTIVE_ARCH = YES;
				SDKROOT = iphoneos;
				SWIFT_ACTIVE_COMPILATION_CONDITIONS = DEBUG;
				SWIFT_OPTIMIZATION_LEVEL = "-Onone";
			};
			name = Debug;
		};
		83C07D902972BD7A00372BBA /* Release */ = {
			isa = XCBuildConfiguration;
			buildSettings = {
				ALWAYS_SEARCH_USER_PATHS = NO;
				CLANG_ANALYZER_NONNULL = YES;
				CLANG_ANALYZER_NUMBER_OBJECT_CONVERSION = YES_AGGRESSIVE;
				CLANG_CXX_LANGUAGE_STANDARD = "gnu++20";
				CLANG_ENABLE_MODULES = YES;
				CLANG_ENABLE_OBJC_ARC = YES;
				CLANG_ENABLE_OBJC_WEAK = YES;
				CLANG_WARN_BLOCK_CAPTURE_AUTORELEASING = YES;
				CLANG_WARN_BOOL_CONVERSION = YES;
				CLANG_WARN_COMMA = YES;
				CLANG_WARN_CONSTANT_CONVERSION = YES;
				CLANG_WARN_DEPRECATED_OBJC_IMPLEMENTATIONS = YES;
				CLANG_WARN_DIRECT_OBJC_ISA_USAGE = YES_ERROR;
				CLANG_WARN_DOCUMENTATION_COMMENTS = YES;
				CLANG_WARN_EMPTY_BODY = YES;
				CLANG_WARN_ENUM_CONVERSION = YES;
				CLANG_WARN_INFINITE_RECURSION = YES;
				CLANG_WARN_INT_CONVERSION = YES;
				CLANG_WARN_NON_LITERAL_NULL_CONVERSION = YES;
				CLANG_WARN_OBJC_IMPLICIT_RETAIN_SELF = YES;
				CLANG_WARN_OBJC_LITERAL_CONVERSION = YES;
				CLANG_WARN_OBJC_ROOT_CLASS = YES_ERROR;
				CLANG_WARN_QUOTED_INCLUDE_IN_FRAMEWORK_HEADER = YES;
				CLANG_WARN_RANGE_LOOP_ANALYSIS = YES;
				CLANG_WARN_STRICT_PROTOTYPES = YES;
				CLANG_WARN_SUSPICIOUS_MOVE = YES;
				CLANG_WARN_UNGUARDED_AVAILABILITY = YES_AGGRESSIVE;
				CLANG_WARN_UNREACHABLE_CODE = YES;
				CLANG_WARN__DUPLICATE_METHOD_MATCH = YES;
				COPY_PHASE_STRIP = NO;
				DEBUG_INFORMATION_FORMAT = "dwarf-with-dsym";
				ENABLE_NS_ASSERTIONS = NO;
				ENABLE_STRICT_OBJC_MSGSEND = YES;
				GCC_C_LANGUAGE_STANDARD = gnu11;
				GCC_NO_COMMON_BLOCKS = YES;
				GCC_WARN_64_TO_32_BIT_CONVERSION = YES;
				GCC_WARN_ABOUT_RETURN_TYPE = YES_ERROR;
				GCC_WARN_UNDECLARED_SELECTOR = YES;
				GCC_WARN_UNINITIALIZED_AUTOS = YES_AGGRESSIVE;
				GCC_WARN_UNUSED_FUNCTION = YES;
				GCC_WARN_UNUSED_VARIABLE = YES;
				IPHONEOS_DEPLOYMENT_TARGET = 15.0;
				MTL_ENABLE_DEBUG_INFO = NO;
				MTL_FAST_MATH = YES;
				SDKROOT = iphoneos;
				SWIFT_COMPILATION_MODE = wholemodule;
				SWIFT_OPTIMIZATION_LEVEL = "-O";
				VALIDATE_PRODUCT = YES;
			};
			name = Release;
		};
		83C07D922972BD7A00372BBA /* Debug */ = {
			isa = XCBuildConfiguration;
			baseConfigurationReference = DB44D967BA6064F83533892B /* Pods-DineInTouch.debug.xcconfig */;
			buildSettings = {
				ASSETCATALOG_COMPILER_APPICON_NAME = AppIcon;
				ASSETCATALOG_COMPILER_GLOBAL_ACCENT_COLOR_NAME = AccentColor;
				CODE_SIGN_STYLE = Automatic;
				CURRENT_PROJECT_VERSION = 1;
				DEVELOPMENT_ASSET_PATHS = "\"DineInTouch/Preview Content\"";
				DEVELOPMENT_TEAM = 747M9ENA4N;
				ENABLE_PREVIEWS = YES;
				GENERATE_INFOPLIST_FILE = YES;
				INFOPLIST_KEY_UIApplicationSceneManifest_Generation = YES;
				INFOPLIST_KEY_UIApplicationSupportsIndirectInputEvents = YES;
				INFOPLIST_KEY_UILaunchScreen_Generation = YES;
				INFOPLIST_KEY_UISupportedInterfaceOrientations = UIInterfaceOrientationPortrait;
				INFOPLIST_KEY_UISupportedInterfaceOrientations_iPad = "UIInterfaceOrientationLandscapeLeft UIInterfaceOrientationLandscapeRight UIInterfaceOrientationPortrait UIInterfaceOrientationPortraitUpsideDown";
				LD_RUNPATH_SEARCH_PATHS = (
					"$(inherited)",
					"@executable_path/Frameworks",
				);
				MARKETING_VERSION = 1.0;
				PRODUCT_BUNDLE_IDENTIFIER = com.chriisjms.DineInTouch;
				PRODUCT_NAME = "$(TARGET_NAME)";
				SUPPORTED_PLATFORMS = "iphoneos iphonesimulator";
				SUPPORTS_MACCATALYST = NO;
				SUPPORTS_MAC_DESIGNED_FOR_IPHONE_IPAD = NO;
				SWIFT_EMIT_LOC_STRINGS = YES;
				SWIFT_VERSION = 5.0;
				TARGETED_DEVICE_FAMILY = 1;
			};
			name = Debug;
		};
		83C07D932972BD7A00372BBA /* Release */ = {
			isa = XCBuildConfiguration;
			baseConfigurationReference = 81AA2779C26DC45BA9666C88 /* Pods-DineInTouch.release.xcconfig */;
			buildSettings = {
				ASSETCATALOG_COMPILER_APPICON_NAME = AppIcon;
				ASSETCATALOG_COMPILER_GLOBAL_ACCENT_COLOR_NAME = AccentColor;
				CODE_SIGN_STYLE = Automatic;
				CURRENT_PROJECT_VERSION = 1;
				DEVELOPMENT_ASSET_PATHS = "\"DineInTouch/Preview Content\"";
				DEVELOPMENT_TEAM = 747M9ENA4N;
				ENABLE_PREVIEWS = YES;
				GENERATE_INFOPLIST_FILE = YES;
				INFOPLIST_KEY_UIApplicationSceneManifest_Generation = YES;
				INFOPLIST_KEY_UIApplicationSupportsIndirectInputEvents = YES;
				INFOPLIST_KEY_UILaunchScreen_Generation = YES;
				INFOPLIST_KEY_UISupportedInterfaceOrientations = UIInterfaceOrientationPortrait;
				INFOPLIST_KEY_UISupportedInterfaceOrientations_iPad = "UIInterfaceOrientationLandscapeLeft UIInterfaceOrientationLandscapeRight UIInterfaceOrientationPortrait UIInterfaceOrientationPortraitUpsideDown";
				LD_RUNPATH_SEARCH_PATHS = (
					"$(inherited)",
					"@executable_path/Frameworks",
				);
				MARKETING_VERSION = 1.0;
				PRODUCT_BUNDLE_IDENTIFIER = com.chriisjms.DineInTouch;
				PRODUCT_NAME = "$(TARGET_NAME)";
				SUPPORTED_PLATFORMS = "iphoneos iphonesimulator";
				SUPPORTS_MACCATALYST = NO;
				SUPPORTS_MAC_DESIGNED_FOR_IPHONE_IPAD = NO;
				SWIFT_EMIT_LOC_STRINGS = YES;
				SWIFT_VERSION = 5.0;
				TARGETED_DEVICE_FAMILY = 1;
			};
			name = Release;
		};
/* End XCBuildConfiguration section */

/* Begin XCConfigurationList section */
		83C07D7E2972BD7900372BBA /* Build configuration list for PBXProject "DineInTouch" */ = {
			isa = XCConfigurationList;
			buildConfigurations = (
				83C07D8F2972BD7A00372BBA /* Debug */,
				83C07D902972BD7A00372BBA /* Release */,
			);
			defaultConfigurationIsVisible = 0;
			defaultConfigurationName = Release;
		};
		83C07D912972BD7A00372BBA /* Build configuration list for PBXNativeTarget "DineInTouch" */ = {
			isa = XCConfigurationList;
			buildConfigurations = (
				83C07D922972BD7A00372BBA /* Debug */,
				83C07D932972BD7A00372BBA /* Release */,
			);
			defaultConfigurationIsVisible = 0;
			defaultConfigurationName = Release;
		};
/* End XCConfigurationList section */

/* Begin XCVersionGroup section */
		839D0F252972DA6B006A7675 /* DineInTouchDataBase.xcdatamodeld */ = {
			isa = XCVersionGroup;
			children = (
				839D0F262972DA6B006A7675 /* DineInTouchDataBase.xcdatamodel */,
			);
			currentVersion = 839D0F262972DA6B006A7675 /* DineInTouchDataBase.xcdatamodel */;
			path = DineInTouchDataBase.xcdatamodeld;
			sourceTree = "<group>";
			versionGroupType = wrapper.xcdatamodel;
		};
/* End XCVersionGroup section */
	};
	rootObject = 83C07D7B2972BD7900372BBA /* Project object */;
}
